// !$*UTF8*$!
{
	archiveVersion = 1;
	classes = {
	};
	objectVersion = 56;
	objects = {

/* Begin PBXBuildFile section */
		523975F72A52E03000013825 /* AuthorizationViewModel.swift in Sources */ = {isa = PBXBuildFile; fileRef = 523975F62A52E03000013825 /* AuthorizationViewModel.swift */; };
		523975FA2A52E04900013825 /* AuthorizationViewController.swift in Sources */ = {isa = PBXBuildFile; fileRef = 523975F92A52E04900013825 /* AuthorizationViewController.swift */; };
		523975FC2A53109300013825 /* PhoneAuthorizationViewController.swift in Sources */ = {isa = PBXBuildFile; fileRef = 523975FB2A53109300013825 /* PhoneAuthorizationViewController.swift */; };
		523975FE2A5310AA00013825 /* SignUpViewController.swift in Sources */ = {isa = PBXBuildFile; fileRef = 523975FD2A5310AA00013825 /* SignUpViewController.swift */; };
		523976002A53211100013825 /* SMSCodeViewController.swift in Sources */ = {isa = PBXBuildFile; fileRef = 523975FF2A53211100013825 /* SMSCodeViewController.swift */; };
		523976022A5416C700013825 /* EmailAuthorizationService.swift in Sources */ = {isa = PBXBuildFile; fileRef = 523976012A5416C700013825 /* EmailAuthorizationService.swift */; };
		523976072A55543600013825 /* SignInViewController.swift in Sources */ = {isa = PBXBuildFile; fileRef = 523976062A55543600013825 /* SignInViewController.swift */; };
		523B40532A4AAA5100585929 /* RickAndMortyViewModel.swift in Sources */ = {isa = PBXBuildFile; fileRef = 523B40522A4AAA5100585929 /* RickAndMortyViewModel.swift */; };
		52C65DCC2A4CBD440038FD60 /* UserDefaultStorage.swift in Sources */ = {isa = PBXBuildFile; fileRef = 52C65DCB2A4CBD440038FD60 /* UserDefaultStorage.swift */; };
		52C65DD12A4D7E0F0038FD60 /* KeychainStorage.swift in Sources */ = {isa = PBXBuildFile; fileRef = 52C65DD02A4D7E0F0038FD60 /* KeychainStorage.swift */; };
		52C65DDA2A4EEF380038FD60 /* MakeView.swift in Sources */ = {isa = PBXBuildFile; fileRef = 52C65DD92A4EEF380038FD60 /* MakeView.swift */; };
		52C65DDC2A50600C0038FD60 /* GoogleService-Info.plist in Resources */ = {isa = PBXBuildFile; fileRef = 52C65DDB2A50600C0038FD60 /* GoogleService-Info.plist */; };
		52C65DDE2A5132230038FD60 /* SplashViewController.swift in Sources */ = {isa = PBXBuildFile; fileRef = 52C65DDD2A5132230038FD60 /* SplashViewController.swift */; };
		52C65DE12A5134780038FD60 /* PhoneNumberAuthorizationService.swift in Sources */ = {isa = PBXBuildFile; fileRef = 52C65DE02A5134780038FD60 /* PhoneNumberAuthorizationService.swift */; };
		52E6D2A22A3DDDEB004CF566 /* AppDelegate.swift in Sources */ = {isa = PBXBuildFile; fileRef = 52E6D2A12A3DDDEB004CF566 /* AppDelegate.swift */; };
		52E6D2A42A3DDDEB004CF566 /* SceneDelegate.swift in Sources */ = {isa = PBXBuildFile; fileRef = 52E6D2A32A3DDDEB004CF566 /* SceneDelegate.swift */; };
		52E6D2A62A3DDDEB004CF566 /* RickAndMortyViewController.swift in Sources */ = {isa = PBXBuildFile; fileRef = 52E6D2A52A3DDDEB004CF566 /* RickAndMortyViewController.swift */; };
		52E6D2AB2A3DDDEE004CF566 /* Assets.xcassets in Resources */ = {isa = PBXBuildFile; fileRef = 52E6D2AA2A3DDDEE004CF566 /* Assets.xcassets */; };
		52E6D2AE2A3DDDEE004CF566 /* LaunchScreen.storyboard in Resources */ = {isa = PBXBuildFile; fileRef = 52E6D2AC2A3DDDEE004CF566 /* LaunchScreen.storyboard */; };
		52E6D2CE2A408C45004CF566 /* NetworkService.swift in Sources */ = {isa = PBXBuildFile; fileRef = 52E6D2CD2A408C45004CF566 /* NetworkService.swift */; };
		52E6D2D12A40C449004CF566 /* Character.swift in Sources */ = {isa = PBXBuildFile; fileRef = 52E6D2D02A40C449004CF566 /* Character.swift */; };
		52E6D2D42A40C499004CF566 /* Constants.swift in Sources */ = {isa = PBXBuildFile; fileRef = 52E6D2D32A40C499004CF566 /* Constants.swift */; };
		52E6D2D72A40D2AF004CF566 /* CharacterCollectionViewCell.swift in Sources */ = {isa = PBXBuildFile; fileRef = 52E6D2D62A40D2AF004CF566 /* CharacterCollectionViewCell.swift */; };
		52E6D2D92A418029004CF566 /* CharacterInfoViewController.swift in Sources */ = {isa = PBXBuildFile; fileRef = 52E6D2D82A418029004CF566 /* CharacterInfoViewController.swift */; };
		52E6D2DB2A41BB61004CF566 /* String + Extention.swift in Sources */ = {isa = PBXBuildFile; fileRef = 52E6D2DA2A41BB61004CF566 /* String + Extention.swift */; };
		C7D9400CC4502A58A7FAE167 /* Pods_IOS_GEEKS_HomeWork1_M5.framework in Frameworks */ = {isa = PBXBuildFile; fileRef = 4D94B2AF25BD0FFD24B34D1A /* Pods_IOS_GEEKS_HomeWork1_M5.framework */; };
/* End PBXBuildFile section */

/* Begin PBXFileReference section */
		16EBA9D7718976E5CFA138A9 /* Pods-IOS-GEEKS-HomeWork1-M5.release.xcconfig */ = {isa = PBXFileReference; includeInIndex = 1; lastKnownFileType = text.xcconfig; name = "Pods-IOS-GEEKS-HomeWork1-M5.release.xcconfig"; path = "Target Support Files/Pods-IOS-GEEKS-HomeWork1-M5/Pods-IOS-GEEKS-HomeWork1-M5.release.xcconfig"; sourceTree = "<group>"; };
		4D94B2AF25BD0FFD24B34D1A /* Pods_IOS_GEEKS_HomeWork1_M5.framework */ = {isa = PBXFileReference; explicitFileType = wrapper.framework; includeInIndex = 0; path = Pods_IOS_GEEKS_HomeWork1_M5.framework; sourceTree = BUILT_PRODUCTS_DIR; };
		523975F62A52E03000013825 /* AuthorizationViewModel.swift */ = {isa = PBXFileReference; lastKnownFileType = sourcecode.swift; path = AuthorizationViewModel.swift; sourceTree = "<group>"; };
		523975F92A52E04900013825 /* AuthorizationViewController.swift */ = {isa = PBXFileReference; lastKnownFileType = sourcecode.swift; path = AuthorizationViewController.swift; sourceTree = "<group>"; };
		523975FB2A53109300013825 /* PhoneAuthorizationViewController.swift */ = {isa = PBXFileReference; lastKnownFileType = sourcecode.swift; path = PhoneAuthorizationViewController.swift; sourceTree = "<group>"; };
		523975FD2A5310AA00013825 /* SignUpViewController.swift */ = {isa = PBXFileReference; lastKnownFileType = sourcecode.swift; path = SignUpViewController.swift; sourceTree = "<group>"; };
		523975FF2A53211100013825 /* SMSCodeViewController.swift */ = {isa = PBXFileReference; lastKnownFileType = sourcecode.swift; path = SMSCodeViewController.swift; sourceTree = "<group>"; };
		523976012A5416C700013825 /* EmailAuthorizationService.swift */ = {isa = PBXFileReference; lastKnownFileType = sourcecode.swift; path = EmailAuthorizationService.swift; sourceTree = "<group>"; };
		523976032A544DA600013825 /* IOS-GEEKS-HomeWork1-M5.entitlements */ = {isa = PBXFileReference; lastKnownFileType = text.plist.entitlements; path = "IOS-GEEKS-HomeWork1-M5.entitlements"; sourceTree = "<group>"; };
		523976062A55543600013825 /* SignInViewController.swift */ = {isa = PBXFileReference; lastKnownFileType = sourcecode.swift; path = SignInViewController.swift; sourceTree = "<group>"; };
		523B40522A4AAA5100585929 /* RickAndMortyViewModel.swift */ = {isa = PBXFileReference; lastKnownFileType = sourcecode.swift; path = RickAndMortyViewModel.swift; sourceTree = "<group>"; };
		52C65DCB2A4CBD440038FD60 /* UserDefaultStorage.swift */ = {isa = PBXFileReference; lastKnownFileType = sourcecode.swift; path = UserDefaultStorage.swift; sourceTree = "<group>"; };
		52C65DD02A4D7E0F0038FD60 /* KeychainStorage.swift */ = {isa = PBXFileReference; lastKnownFileType = sourcecode.swift; path = KeychainStorage.swift; sourceTree = "<group>"; };
		52C65DD92A4EEF380038FD60 /* MakeView.swift */ = {isa = PBXFileReference; lastKnownFileType = sourcecode.swift; path = MakeView.swift; sourceTree = "<group>"; };
		52C65DDB2A50600C0038FD60 /* GoogleService-Info.plist */ = {isa = PBXFileReference; fileEncoding = 4; lastKnownFileType = text.plist.xml; path = "GoogleService-Info.plist"; sourceTree = "<group>"; };
		52C65DDD2A5132230038FD60 /* SplashViewController.swift */ = {isa = PBXFileReference; lastKnownFileType = sourcecode.swift; path = SplashViewController.swift; sourceTree = "<group>"; };
		52C65DE02A5134780038FD60 /* PhoneNumberAuthorizationService.swift */ = {isa = PBXFileReference; lastKnownFileType = sourcecode.swift; path = PhoneNumberAuthorizationService.swift; sourceTree = "<group>"; };
		52E6D29E2A3DDDEB004CF566 /* IOS-GEEKS-HomeWork1-M5.app */ = {isa = PBXFileReference; explicitFileType = wrapper.application; includeInIndex = 0; path = "IOS-GEEKS-HomeWork1-M5.app"; sourceTree = BUILT_PRODUCTS_DIR; };
		52E6D2A12A3DDDEB004CF566 /* AppDelegate.swift */ = {isa = PBXFileReference; lastKnownFileType = sourcecode.swift; path = AppDelegate.swift; sourceTree = "<group>"; };
		52E6D2A32A3DDDEB004CF566 /* SceneDelegate.swift */ = {isa = PBXFileReference; lastKnownFileType = sourcecode.swift; path = SceneDelegate.swift; sourceTree = "<group>"; };
		52E6D2A52A3DDDEB004CF566 /* RickAndMortyViewController.swift */ = {isa = PBXFileReference; lastKnownFileType = sourcecode.swift; path = RickAndMortyViewController.swift; sourceTree = "<group>"; };
		52E6D2AA2A3DDDEE004CF566 /* Assets.xcassets */ = {isa = PBXFileReference; lastKnownFileType = folder.assetcatalog; path = Assets.xcassets; sourceTree = "<group>"; };
		52E6D2AD2A3DDDEE004CF566 /* Base */ = {isa = PBXFileReference; lastKnownFileType = file.storyboard; name = Base; path = Base.lproj/LaunchScreen.storyboard; sourceTree = "<group>"; };
		52E6D2AF2A3DDDEE004CF566 /* Info.plist */ = {isa = PBXFileReference; lastKnownFileType = text.plist.xml; path = Info.plist; sourceTree = "<group>"; };
		52E6D2CD2A408C45004CF566 /* NetworkService.swift */ = {isa = PBXFileReference; lastKnownFileType = sourcecode.swift; path = NetworkService.swift; sourceTree = "<group>"; };
		52E6D2D02A40C449004CF566 /* Character.swift */ = {isa = PBXFileReference; lastKnownFileType = sourcecode.swift; path = Character.swift; sourceTree = "<group>"; };
		52E6D2D32A40C499004CF566 /* Constants.swift */ = {isa = PBXFileReference; lastKnownFileType = sourcecode.swift; path = Constants.swift; sourceTree = "<group>"; };
		52E6D2D62A40D2AF004CF566 /* CharacterCollectionViewCell.swift */ = {isa = PBXFileReference; lastKnownFileType = sourcecode.swift; path = CharacterCollectionViewCell.swift; sourceTree = "<group>"; };
		52E6D2D82A418029004CF566 /* CharacterInfoViewController.swift */ = {isa = PBXFileReference; lastKnownFileType = sourcecode.swift; path = CharacterInfoViewController.swift; sourceTree = "<group>"; };
		52E6D2DA2A41BB61004CF566 /* String + Extention.swift */ = {isa = PBXFileReference; lastKnownFileType = sourcecode.swift; path = "String + Extention.swift"; sourceTree = "<group>"; };
		69619CA4DF142DE69FF9BCDF /* Pods-IOS-GEEKS-HomeWork1-M5.debug.xcconfig */ = {isa = PBXFileReference; includeInIndex = 1; lastKnownFileType = text.xcconfig; name = "Pods-IOS-GEEKS-HomeWork1-M5.debug.xcconfig"; path = "Target Support Files/Pods-IOS-GEEKS-HomeWork1-M5/Pods-IOS-GEEKS-HomeWork1-M5.debug.xcconfig"; sourceTree = "<group>"; };
/* End PBXFileReference section */

/* Begin PBXFrameworksBuildPhase section */
		52E6D29B2A3DDDEB004CF566 /* Frameworks */ = {
			isa = PBXFrameworksBuildPhase;
			buildActionMask = 2147483647;
			files = (
				C7D9400CC4502A58A7FAE167 /* Pods_IOS_GEEKS_HomeWork1_M5.framework in Frameworks */,
			);
			runOnlyForDeploymentPostprocessing = 0;
		};
/* End PBXFrameworksBuildPhase section */

/* Begin PBXGroup section */
		523975F52A52E00100013825 /* AuthorizationWorkflow */ = {
			isa = PBXGroup;
			children = (
				523975F62A52E03000013825 /* AuthorizationViewModel.swift */,
				523975F92A52E04900013825 /* AuthorizationViewController.swift */,
				523976042A55538E00013825 /* PhoneAuthorization */,
				523976052A5553BB00013825 /* EmailAuthorization */,
			);
			path = AuthorizationWorkflow;
			sourceTree = "<group>";
		};
		523976042A55538E00013825 /* PhoneAuthorization */ = {
			isa = PBXGroup;
			children = (
				523975FF2A53211100013825 /* SMSCodeViewController.swift */,
				523975FB2A53109300013825 /* PhoneAuthorizationViewController.swift */,
			);
			path = PhoneAuthorization;
			sourceTree = "<group>";
		};
		523976052A5553BB00013825 /* EmailAuthorization */ = {
			isa = PBXGroup;
			children = (
				523975FD2A5310AA00013825 /* SignUpViewController.swift */,
				523976062A55543600013825 /* SignInViewController.swift */,
			);
			path = EmailAuthorization;
			sourceTree = "<group>";
		};
		523B404E2A49FA9200585929 /* View */ = {
			isa = PBXGroup;
			children = (
				52E6D2D52A40D204004CF566 /* CustomCharacterTableCell */,
			);
			path = View;
			sourceTree = "<group>";
		};
		523B40512A4AA9D600585929 /* MainWorkflow */ = {
			isa = PBXGroup;
			children = (
				52E6D2A52A3DDDEB004CF566 /* RickAndMortyViewController.swift */,
				523B40522A4AAA5100585929 /* RickAndMortyViewModel.swift */,
				52E6D2D82A418029004CF566 /* CharacterInfoViewController.swift */,
			);
			path = MainWorkflow;
			sourceTree = "<group>";
		};
		52C65DCA2A4CBD0F0038FD60 /* UserDefaultStorage */ = {
			isa = PBXGroup;
			children = (
				52C65DCB2A4CBD440038FD60 /* UserDefaultStorage.swift */,
			);
			path = UserDefaultStorage;
			sourceTree = "<group>";
		};
		52C65DCD2A4D7D580038FD60 /* dataStorageService */ = {
			isa = PBXGroup;
			children = (
				52C65DCE2A4D7D660038FD60 /* KeychainStorage */,
				52C65DCA2A4CBD0F0038FD60 /* UserDefaultStorage */,
			);
			path = dataStorageService;
			sourceTree = "<group>";
		};
		52C65DCE2A4D7D660038FD60 /* KeychainStorage */ = {
			isa = PBXGroup;
			children = (
				52C65DD02A4D7E0F0038FD60 /* KeychainStorage.swift */,
			);
			path = KeychainStorage;
			sourceTree = "<group>";
		};
		52C65DD82A4EEF150038FD60 /* Helper */ = {
			isa = PBXGroup;
			children = (
				52C65DD92A4EEF380038FD60 /* MakeView.swift */,
			);
			path = Helper;
			sourceTree = "<group>";
		};
		52C65DDF2A5134300038FD60 /* AuthorizationService */ = {
			isa = PBXGroup;
			children = (
				52C65DE02A5134780038FD60 /* PhoneNumberAuthorizationService.swift */,
				523976012A5416C700013825 /* EmailAuthorizationService.swift */,
			);
			path = AuthorizationService;
			sourceTree = "<group>";
		};
		52E6D2952A3DDDEA004CF566 = {
			isa = PBXGroup;
			children = (
				52E6D2A02A3DDDEB004CF566 /* IOS-GEEKS-HomeWork1-M5 */,
				52E6D29F2A3DDDEB004CF566 /* Products */,
				95B01C783D83DC48B22560A5 /* Pods */,
				889F3383A25D06266807A377 /* Frameworks */,
			);
			sourceTree = "<group>";
		};
		52E6D29F2A3DDDEB004CF566 /* Products */ = {
			isa = PBXGroup;
			children = (
				52E6D29E2A3DDDEB004CF566 /* IOS-GEEKS-HomeWork1-M5.app */,
			);
			name = Products;
			sourceTree = "<group>";
		};
		52E6D2A02A3DDDEB004CF566 /* IOS-GEEKS-HomeWork1-M5 */ = {
			isa = PBXGroup;
			children = (
				523976032A544DA600013825 /* IOS-GEEKS-HomeWork1-M5.entitlements */,
				52E6D2CC2A408856004CF566 /* App */,
				52E6D2B72A3DDF98004CF566 /* Model */,
				52E6D2B82A3DDFA1004CF566 /* Workflow */,
				523B404E2A49FA9200585929 /* View */,
				52E6D2B52A3DDF07004CF566 /* Resourse */,
			);
			path = "IOS-GEEKS-HomeWork1-M5";
			sourceTree = "<group>";
		};
		52E6D2B52A3DDF07004CF566 /* Resourse */ = {
			isa = PBXGroup;
			children = (
				52E6D2AA2A3DDDEE004CF566 /* Assets.xcassets */,
				52E6D2AC2A3DDDEE004CF566 /* LaunchScreen.storyboard */,
				52E6D2AF2A3DDDEE004CF566 /* Info.plist */,
				52C65DDB2A50600C0038FD60 /* GoogleService-Info.plist */,
			);
			path = Resourse;
			sourceTree = "<group>";
		};
		52E6D2B72A3DDF98004CF566 /* Model */ = {
			isa = PBXGroup;
			children = (
				52C65DDF2A5134300038FD60 /* AuthorizationService */,
				52C65DD82A4EEF150038FD60 /* Helper */,
				52C65DCD2A4D7D580038FD60 /* dataStorageService */,
				52E6D2DC2A41BB67004CF566 /* Extention */,
				52E6D2D22A40C46E004CF566 /* Constants */,
				52E6D2CF2A40C431004CF566 /* DTOs */,
				52E6D2CD2A408C45004CF566 /* NetworkService.swift */,
			);
			path = Model;
			sourceTree = "<group>";
		};
		52E6D2B82A3DDFA1004CF566 /* Workflow */ = {
			isa = PBXGroup;
			children = (
				52C65DDD2A5132230038FD60 /* SplashViewController.swift */,
				523975F52A52E00100013825 /* AuthorizationWorkflow */,
				523B40512A4AA9D600585929 /* MainWorkflow */,
			);
			path = Workflow;
			sourceTree = "<group>";
		};
		52E6D2CC2A408856004CF566 /* App */ = {
			isa = PBXGroup;
			children = (
				52E6D2A12A3DDDEB004CF566 /* AppDelegate.swift */,
				52E6D2A32A3DDDEB004CF566 /* SceneDelegate.swift */,
			);
			path = App;
			sourceTree = "<group>";
		};
		52E6D2CF2A40C431004CF566 /* DTOs */ = {
			isa = PBXGroup;
			children = (
				52E6D2D02A40C449004CF566 /* Character.swift */,
			);
			path = DTOs;
			sourceTree = "<group>";
		};
		52E6D2D22A40C46E004CF566 /* Constants */ = {
			isa = PBXGroup;
			children = (
				52E6D2D32A40C499004CF566 /* Constants.swift */,
			);
			path = Constants;
			sourceTree = "<group>";
		};
		52E6D2D52A40D204004CF566 /* CustomCharacterTableCell */ = {
			isa = PBXGroup;
			children = (
				52E6D2D62A40D2AF004CF566 /* CharacterCollectionViewCell.swift */,
			);
			path = CustomCharacterTableCell;
			sourceTree = "<group>";
		};
		52E6D2DC2A41BB67004CF566 /* Extention */ = {
			isa = PBXGroup;
			children = (
				52E6D2DA2A41BB61004CF566 /* String + Extention.swift */,
			);
			path = Extention;
			sourceTree = "<group>";
		};
		889F3383A25D06266807A377 /* Frameworks */ = {
			isa = PBXGroup;
			children = (
				4D94B2AF25BD0FFD24B34D1A /* Pods_IOS_GEEKS_HomeWork1_M5.framework */,
			);
			name = Frameworks;
			sourceTree = "<group>";
		};
		95B01C783D83DC48B22560A5 /* Pods */ = {
			isa = PBXGroup;
			children = (
				69619CA4DF142DE69FF9BCDF /* Pods-IOS-GEEKS-HomeWork1-M5.debug.xcconfig */,
				16EBA9D7718976E5CFA138A9 /* Pods-IOS-GEEKS-HomeWork1-M5.release.xcconfig */,
			);
			path = Pods;
			sourceTree = "<group>";
		};
/* End PBXGroup section */

/* Begin PBXNativeTarget section */
		52E6D29D2A3DDDEB004CF566 /* IOS-GEEKS-HomeWork1-M5 */ = {
			isa = PBXNativeTarget;
			buildConfigurationList = 52E6D2B22A3DDDEE004CF566 /* Build configuration list for PBXNativeTarget "IOS-GEEKS-HomeWork1-M5" */;
			buildPhases = (
				3639E8593835AAA1FC1C820E /* [CP] Check Pods Manifest.lock */,
				52E6D29A2A3DDDEB004CF566 /* Sources */,
				52E6D29B2A3DDDEB004CF566 /* Frameworks */,
				52E6D29C2A3DDDEB004CF566 /* Resources */,
				A43A484E46A16A292B1997F5 /* [CP] Embed Pods Frameworks */,
			);
			buildRules = (
			);
			dependencies = (
			);
			name = "IOS-GEEKS-HomeWork1-M5";
			productName = "IOS-GEEKS-HomeWork1-M5";
			productReference = 52E6D29E2A3DDDEB004CF566 /* IOS-GEEKS-HomeWork1-M5.app */;
			productType = "com.apple.product-type.application";
		};
/* End PBXNativeTarget section */

/* Begin PBXProject section */
		52E6D2962A3DDDEA004CF566 /* Project object */ = {
			isa = PBXProject;
			attributes = {
				BuildIndependentTargetsInParallel = 1;
				LastSwiftUpdateCheck = 1430;
				LastUpgradeCheck = 1430;
				TargetAttributes = {
					52E6D29D2A3DDDEB004CF566 = {
						CreatedOnToolsVersion = 14.3.1;
					};
				};
			};
			buildConfigurationList = 52E6D2992A3DDDEA004CF566 /* Build configuration list for PBXProject "IOS-GEEKS-HomeWork1-M5" */;
			compatibilityVersion = "Xcode 14.0";
			developmentRegion = en;
			hasScannedForEncodings = 0;
			knownRegions = (
				en,
				Base,
			);
			mainGroup = 52E6D2952A3DDDEA004CF566;
			productRefGroup = 52E6D29F2A3DDDEB004CF566 /* Products */;
			projectDirPath = "";
			projectRoot = "";
			targets = (
				52E6D29D2A3DDDEB004CF566 /* IOS-GEEKS-HomeWork1-M5 */,
			);
		};
/* End PBXProject section */

/* Begin PBXResourcesBuildPhase section */
		52E6D29C2A3DDDEB004CF566 /* Resources */ = {
			isa = PBXResourcesBuildPhase;
			buildActionMask = 2147483647;
			files = (
				52E6D2AE2A3DDDEE004CF566 /* LaunchScreen.storyboard in Resources */,
				52E6D2AB2A3DDDEE004CF566 /* Assets.xcassets in Resources */,
				52C65DDC2A50600C0038FD60 /* GoogleService-Info.plist in Resources */,
			);
			runOnlyForDeploymentPostprocessing = 0;
		};
/* End PBXResourcesBuildPhase section */

/* Begin PBXShellScriptBuildPhase section */
		3639E8593835AAA1FC1C820E /* [CP] Check Pods Manifest.lock */ = {
			isa = PBXShellScriptBuildPhase;
			buildActionMask = 2147483647;
			files = (
			);
			inputFileListPaths = (
			);
			inputPaths = (
				"${PODS_PODFILE_DIR_PATH}/Podfile.lock",
				"${PODS_ROOT}/Manifest.lock",
			);
			name = "[CP] Check Pods Manifest.lock";
			outputFileListPaths = (
			);
			outputPaths = (
				"$(DERIVED_FILE_DIR)/Pods-IOS-GEEKS-HomeWork1-M5-checkManifestLockResult.txt",
			);
			runOnlyForDeploymentPostprocessing = 0;
			shellPath = /bin/sh;
			shellScript = "diff \"${PODS_PODFILE_DIR_PATH}/Podfile.lock\" \"${PODS_ROOT}/Manifest.lock\" > /dev/null\nif [ $? != 0 ] ; then\n    # print error to STDERR\n    echo \"error: The sandbox is not in sync with the Podfile.lock. Run 'pod install' or update your CocoaPods installation.\" >&2\n    exit 1\nfi\n# This output is used by Xcode 'outputs' to avoid re-running this script phase.\necho \"SUCCESS\" > \"${SCRIPT_OUTPUT_FILE_0}\"\n";
			showEnvVarsInLog = 0;
		};
		A43A484E46A16A292B1997F5 /* [CP] Embed Pods Frameworks */ = {
			isa = PBXShellScriptBuildPhase;
			buildActionMask = 2147483647;
			files = (
			);
			inputFileListPaths = (
				"${PODS_ROOT}/Target Support Files/Pods-IOS-GEEKS-HomeWork1-M5/Pods-IOS-GEEKS-HomeWork1-M5-frameworks-${CONFIGURATION}-input-files.xcfilelist",
			);
			name = "[CP] Embed Pods Frameworks";
			outputFileListPaths = (
				"${PODS_ROOT}/Target Support Files/Pods-IOS-GEEKS-HomeWork1-M5/Pods-IOS-GEEKS-HomeWork1-M5-frameworks-${CONFIGURATION}-output-files.xcfilelist",
			);
			runOnlyForDeploymentPostprocessing = 0;
			shellPath = /bin/sh;
			shellScript = "\"${PODS_ROOT}/Target Support Files/Pods-IOS-GEEKS-HomeWork1-M5/Pods-IOS-GEEKS-HomeWork1-M5-frameworks.sh\"\n";
			showEnvVarsInLog = 0;
		};
/* End PBXShellScriptBuildPhase section */

/* Begin PBXSourcesBuildPhase section */
		52E6D29A2A3DDDEB004CF566 /* Sources */ = {
			isa = PBXSourcesBuildPhase;
			buildActionMask = 2147483647;
			files = (
				52E6D2A62A3DDDEB004CF566 /* RickAndMortyViewController.swift in Sources */,
				52E6D2DB2A41BB61004CF566 /* String + Extention.swift in Sources */,
				52E6D2A22A3DDDEB004CF566 /* AppDelegate.swift in Sources */,
				52C65DDA2A4EEF380038FD60 /* MakeView.swift in Sources */,
				523976072A55543600013825 /* SignInViewController.swift in Sources */,
				523975F72A52E03000013825 /* AuthorizationViewModel.swift in Sources */,
				52C65DCC2A4CBD440038FD60 /* UserDefaultStorage.swift in Sources */,
				52C65DDE2A5132230038FD60 /* SplashViewController.swift in Sources */,
				523975FA2A52E04900013825 /* AuthorizationViewController.swift in Sources */,
				523976022A5416C700013825 /* EmailAuthorizationService.swift in Sources */,
				52C65DE12A5134780038FD60 /* PhoneNumberAuthorizationService.swift in Sources */,
				523975FC2A53109300013825 /* PhoneAuthorizationViewController.swift in Sources */,
				523B40532A4AAA5100585929 /* RickAndMortyViewModel.swift in Sources */,
				52C65DD12A4D7E0F0038FD60 /* KeychainStorage.swift in Sources */,
				523975FE2A5310AA00013825 /* SignUpViewController.swift in Sources */,
				52E6D2D12A40C449004CF566 /* Character.swift in Sources */,
				52E6D2CE2A408C45004CF566 /* NetworkService.swift in Sources */,
				523976002A53211100013825 /* SMSCodeViewController.swift in Sources */,
				52E6D2D92A418029004CF566 /* CharacterInfoViewController.swift in Sources */,
				52E6D2A42A3DDDEB004CF566 /* SceneDelegate.swift in Sources */,
				52E6D2D42A40C499004CF566 /* Constants.swift in Sources */,
				52E6D2D72A40D2AF004CF566 /* CharacterCollectionViewCell.swift in Sources */,
			);
			runOnlyForDeploymentPostprocessing = 0;
		};
/* End PBXSourcesBuildPhase section */

/* Begin PBXVariantGroup section */
		52E6D2AC2A3DDDEE004CF566 /* LaunchScreen.storyboard */ = {
			isa = PBXVariantGroup;
			children = (
				52E6D2AD2A3DDDEE004CF566 /* Base */,
			);
			name = LaunchScreen.storyboard;
			sourceTree = "<group>";
		};
/* End PBXVariantGroup section */

/* Begin XCBuildConfiguration section */
		52E6D2B02A3DDDEE004CF566 /* Debug */ = {
			isa = XCBuildConfiguration;
			buildSettings = {
				ALWAYS_SEARCH_USER_PATHS = NO;
				CLANG_ANALYZER_NONNULL = YES;
				CLANG_ANALYZER_NUMBER_OBJECT_CONVERSION = YES_AGGRESSIVE;
				CLANG_CXX_LANGUAGE_STANDARD = "gnu++20";
				CLANG_ENABLE_MODULES = YES;
				CLANG_ENABLE_OBJC_ARC = YES;
				CLANG_ENABLE_OBJC_WEAK = YES;
				CLANG_WARN_BLOCK_CAPTURE_AUTORELEASING = YES;
				CLANG_WARN_BOOL_CONVERSION = YES;
				CLANG_WARN_COMMA = YES;
				CLANG_WARN_CONSTANT_CONVERSION = YES;
				CLANG_WARN_DEPRECATED_OBJC_IMPLEMENTATIONS = YES;
				CLANG_WARN_DIRECT_OBJC_ISA_USAGE = YES_ERROR;
				CLANG_WARN_DOCUMENTATION_COMMENTS = YES;
				CLANG_WARN_EMPTY_BODY = YES;
				CLANG_WARN_ENUM_CONVERSION = YES;
				CLANG_WARN_INFINITE_RECURSION = YES;
				CLANG_WARN_INT_CONVERSION = YES;
				CLANG_WARN_NON_LITERAL_NULL_CONVERSION = YES;
				CLANG_WARN_OBJC_IMPLICIT_RETAIN_SELF = YES;
				CLANG_WARN_OBJC_LITERAL_CONVERSION = YES;
				CLANG_WARN_OBJC_ROOT_CLASS = YES_ERROR;
				CLANG_WARN_QUOTED_INCLUDE_IN_FRAMEWORK_HEADER = YES;
				CLANG_WARN_RANGE_LOOP_ANALYSIS = YES;
				CLANG_WARN_STRICT_PROTOTYPES = YES;
				CLANG_WARN_SUSPICIOUS_MOVE = YES;
				CLANG_WARN_UNGUARDED_AVAILABILITY = YES_AGGRESSIVE;
				CLANG_WARN_UNREACHABLE_CODE = YES;
				CLANG_WARN__DUPLICATE_METHOD_MATCH = YES;
				COPY_PHASE_STRIP = NO;
				DEBUG_INFORMATION_FORMAT = dwarf;
				ENABLE_STRICT_OBJC_MSGSEND = YES;
				ENABLE_TESTABILITY = YES;
				GCC_C_LANGUAGE_STANDARD = gnu11;
				GCC_DYNAMIC_NO_PIC = NO;
				GCC_NO_COMMON_BLOCKS = YES;
				GCC_OPTIMIZATION_LEVEL = 0;
				GCC_PREPROCESSOR_DEFINITIONS = (
					"DEBUG=1",
					"$(inherited)",
				);
				GCC_WARN_64_TO_32_BIT_CONVERSION = YES;
				GCC_WARN_ABOUT_RETURN_TYPE = YES_ERROR;
				GCC_WARN_UNDECLARED_SELECTOR = YES;
				GCC_WARN_UNINITIALIZED_AUTOS = YES_AGGRESSIVE;
				GCC_WARN_UNUSED_FUNCTION = YES;
				GCC_WARN_UNUSED_VARIABLE = YES;
				IPHONEOS_DEPLOYMENT_TARGET = 16.4;
				MTL_ENABLE_DEBUG_INFO = INCLUDE_SOURCE;
				MTL_FAST_MATH = YES;
				ONLY_ACTIVE_ARCH = YES;
				SDKROOT = iphoneos;
				SWIFT_ACTIVE_COMPILATION_CONDITIONS = DEBUG;
				SWIFT_OPTIMIZATION_LEVEL = "-Onone";
			};
			name = Debug;
		};
		52E6D2B12A3DDDEE004CF566 /* Release */ = {
			isa = XCBuildConfiguration;
			buildSettings = {
				ALWAYS_SEARCH_USER_PATHS = NO;
				CLANG_ANALYZER_NONNULL = YES;
				CLANG_ANALYZER_NUMBER_OBJECT_CONVERSION = YES_AGGRESSIVE;
				CLANG_CXX_LANGUAGE_STANDARD = "gnu++20";
				CLANG_ENABLE_MODULES = YES;
				CLANG_ENABLE_OBJC_ARC = YES;
				CLANG_ENABLE_OBJC_WEAK = YES;
				CLANG_WARN_BLOCK_CAPTURE_AUTORELEASING = YES;
				CLANG_WARN_BOOL_CONVERSION = YES;
				CLANG_WARN_COMMA = YES;
				CLANG_WARN_CONSTANT_CONVERSION = YES;
				CLANG_WARN_DEPRECATED_OBJC_IMPLEMENTATIONS = YES;
				CLANG_WARN_DIRECT_OBJC_ISA_USAGE = YES_ERROR;
				CLANG_WARN_DOCUMENTATION_COMMENTS = YES;
				CLANG_WARN_EMPTY_BODY = YES;
				CLANG_WARN_ENUM_CONVERSION = YES;
				CLANG_WARN_INFINITE_RECURSION = YES;
				CLANG_WARN_INT_CONVERSION = YES;
				CLANG_WARN_NON_LITERAL_NULL_CONVERSION = YES;
				CLANG_WARN_OBJC_IMPLICIT_RETAIN_SELF = YES;
				CLANG_WARN_OBJC_LITERAL_CONVERSION = YES;
				CLANG_WARN_OBJC_ROOT_CLASS = YES_ERROR;
				CLANG_WARN_QUOTED_INCLUDE_IN_FRAMEWORK_HEADER = YES;
				CLANG_WARN_RANGE_LOOP_ANALYSIS = YES;
				CLANG_WARN_STRICT_PROTOTYPES = YES;
				CLANG_WARN_SUSPICIOUS_MOVE = YES;
				CLANG_WARN_UNGUARDED_AVAILABILITY = YES_AGGRESSIVE;
				CLANG_WARN_UNREACHABLE_CODE = YES;
				CLANG_WARN__DUPLICATE_METHOD_MATCH = YES;
				COPY_PHASE_STRIP = NO;
				DEBUG_INFORMATION_FORMAT = "dwarf-with-dsym";
				ENABLE_NS_ASSERTIONS = NO;
				ENABLE_STRICT_OBJC_MSGSEND = YES;
				GCC_C_LANGUAGE_STANDARD = gnu11;
				GCC_NO_COMMON_BLOCKS = YES;
				GCC_WARN_64_TO_32_BIT_CONVERSION = YES;
				GCC_WARN_ABOUT_RETURN_TYPE = YES_ERROR;
				GCC_WARN_UNDECLARED_SELECTOR = YES;
				GCC_WARN_UNINITIALIZED_AUTOS = YES_AGGRESSIVE;
				GCC_WARN_UNUSED_FUNCTION = YES;
				GCC_WARN_UNUSED_VARIABLE = YES;
				IPHONEOS_DEPLOYMENT_TARGET = 16.4;
				MTL_ENABLE_DEBUG_INFO = NO;
				MTL_FAST_MATH = YES;
				SDKROOT = iphoneos;
				SWIFT_COMPILATION_MODE = wholemodule;
				SWIFT_OPTIMIZATION_LEVEL = "-O";
				VALIDATE_PRODUCT = YES;
			};
			name = Release;
		};
		52E6D2B32A3DDDEE004CF566 /* Debug */ = {
			isa = XCBuildConfiguration;
			baseConfigurationReference = 69619CA4DF142DE69FF9BCDF /* Pods-IOS-GEEKS-HomeWork1-M5.debug.xcconfig */;
			buildSettings = {
				ASSETCATALOG_COMPILER_APPICON_NAME = AppIcon;
				ASSETCATALOG_COMPILER_GLOBAL_ACCENT_COLOR_NAME = AccentColor;
				CODE_SIGN_ENTITLEMENTS = "IOS-GEEKS-HomeWork1-M5/IOS-GEEKS-HomeWork1-M5.entitlements";
				CODE_SIGN_IDENTITY = "Apple Development";
				CODE_SIGN_STYLE = Manual;
				CURRENT_PROJECT_VERSION = 1;
				DEVELOPMENT_TEAM = "";
				GENERATE_INFOPLIST_FILE = YES;
				INFOPLIST_FILE = "IOS-GEEKS-HomeWork1-M5/Resourse/Info.plist";
				INFOPLIST_KEY_UIApplicationSupportsIndirectInputEvents = YES;
				INFOPLIST_KEY_UILaunchStoryboardName = LaunchScreen;
				INFOPLIST_KEY_UISupportedInterfaceOrientations_iPad = "UIInterfaceOrientationPortrait UIInterfaceOrientationPortraitUpsideDown UIInterfaceOrientationLandscapeLeft UIInterfaceOrientationLandscapeRight";
				INFOPLIST_KEY_UISupportedInterfaceOrientations_iPhone = "UIInterfaceOrientationPortrait UIInterfaceOrientationLandscapeLeft UIInterfaceOrientationLandscapeRight";
				LD_RUNPATH_SEARCH_PATHS = (
					"$(inherited)",
					"@executable_path/Frameworks",
				);
				MARKETING_VERSION = 1.0;
				PRODUCT_BUNDLE_IDENTIFIER = "Com.ERACompany.IOS-GEEKS-HomeWork1-M5";
				PRODUCT_NAME = "$(TARGET_NAME)";
				PROVISIONING_PROFILE_SPECIFIER = "";
				SWIFT_EMIT_LOC_STRINGS = YES;
				SWIFT_VERSION = 5.0;
				TARGETED_DEVICE_FAMILY = "1,2";
			};
			name = Debug;
		};
		52E6D2B42A3DDDEE004CF566 /* Release */ = {
			isa = XCBuildConfiguration;
			baseConfigurationReference = 16EBA9D7718976E5CFA138A9 /* Pods-IOS-GEEKS-HomeWork1-M5.release.xcconfig */;
			buildSettings = {
				ASSETCATALOG_COMPILER_APPICON_NAME = AppIcon;
				ASSETCATALOG_COMPILER_GLOBAL_ACCENT_COLOR_NAME = AccentColor;
				CODE_SIGN_ENTITLEMENTS = "IOS-GEEKS-HomeWork1-M5/IOS-GEEKS-HomeWork1-M5.entitlements";
				CODE_SIGN_IDENTITY = "Apple Development";
				CODE_SIGN_STYLE = Manual;
				CURRENT_PROJECT_VERSION = 1;
				DEVELOPMENT_TEAM = "";
				GENERATE_INFOPLIST_FILE = YES;
				INFOPLIST_FILE = "IOS-GEEKS-HomeWork1-M5/Resourse/Info.plist";
				INFOPLIST_KEY_UIApplicationSupportsIndirectInputEvents = YES;
				INFOPLIST_KEY_UILaunchStoryboardName = LaunchScreen;
				INFOPLIST_KEY_UISupportedInterfaceOrientations_iPad = "UIInterfaceOrientationPortrait UIInterfaceOrientationPortraitUpsideDown UIInterfaceOrientationLandscapeLeft UIInterfaceOrientationLandscapeRight";
				INFOPLIST_KEY_UISupportedInterfaceOrientations_iPhone = "UIInterfaceOrientationPortrait UIInterfaceOrientationLandscapeLeft UIInterfaceOrientationLandscapeRight";
				LD_RUNPATH_SEARCH_PATHS = (
					"$(inherited)",
					"@executable_path/Frameworks",
				);
				MARKETING_VERSION = 1.0;
				PRODUCT_BUNDLE_IDENTIFIER = "Com.ERACompany.IOS-GEEKS-HomeWork1-M5";
				PRODUCT_NAME = "$(TARGET_NAME)";
				PROVISIONING_PROFILE_SPECIFIER = "";
				SWIFT_EMIT_LOC_STRINGS = YES;
				SWIFT_VERSION = 5.0;
				TARGETED_DEVICE_FAMILY = "1,2";
			};
			name = Release;
		};
/* End XCBuildConfiguration section */

/* Begin XCConfigurationList section */
		52E6D2992A3DDDEA004CF566 /* Build configuration list for PBXProject "IOS-GEEKS-HomeWork1-M5" */ = {
			isa = XCConfigurationList;
			buildConfigurations = (
				52E6D2B02A3DDDEE004CF566 /* Debug */,
				52E6D2B12A3DDDEE004CF566 /* Release */,
			);
			defaultConfigurationIsVisible = 0;
			defaultConfigurationName = Release;
		};
		52E6D2B22A3DDDEE004CF566 /* Build configuration list for PBXNativeTarget "IOS-GEEKS-HomeWork1-M5" */ = {
			isa = XCConfigurationList;
			buildConfigurations = (
				52E6D2B32A3DDDEE004CF566 /* Debug */,
				52E6D2B42A3DDDEE004CF566 /* Release */,
			);
			defaultConfigurationIsVisible = 0;
			defaultConfigurationName = Release;
		};
/* End XCConfigurationList section */
	};
	rootObject = 52E6D2962A3DDDEA004CF566 /* Project object */;
}
